
Microsoft Visual Studio Solution File, Format Version 12.00
# Visual Studio 14
VisualStudioVersion = 14.0.24720.0
MinimumVisualStudioVersion = 10.0.40219.1
Project("{8BC9CEB8-8B4A-11D0-8D11-00A0C91BC942}") = "Component", "Component\Component.vcxproj", "{C168A0C5-D537-469A-8AE6-4C8C871CE7D5}"
EndProject
Project("{8BC9CEB8-8B4A-11D0-8D11-00A0C91BC942}") = "ClientToCOM", "ClientToCOM\ClientToCOM.vcxproj", "{90F29FDA-3CFA-4599-A3C1-081C61E1C0D0}"
EndProject
Global
	GlobalSection(SolutionConfigurationPlatforms) = preSolution
		Debug|x64 = Debug|x64
		Debug|x86 = Debug|x86
		Release|x64 = Release|x64
		Release|x86 = Release|x86
	EndGlobalSection
	GlobalSection(ProjectConfigurationPlatforms) = postSolution
		{C168A0C5-D537-469A-8AE6-4C8C871CE7D5}.Debug|x64.ActiveCfg = Debug|x64
		{C168A0C5-D537-469A-8AE6-4C8C871CE7D5}.Debug|x64.Build.0 = Debug|x64
		{C168A0C5-D537-469A-8AE6-4C8C871CE7D5}.Debug|x86.ActiveCfg = Debug|Win32
		{C168A0C5-D537-469A-8AE6-4C8C871CE7D5}.Debug|x86.Build.0 = Debug|Win32
		{C168A0C5-D537-469A-8AE6-4C8C871CE7D5}.Release|x64.ActiveCfg = Release|x64
		{C168A0C5-D537-469A-8AE6-4C8C871CE7D5}.Release|x64.Build.0 = Release|x64
		{C168A0C5-D537-469A-8AE6-4C8C871CE7D5}.Release|x86.ActiveCfg = Release|Win32
		{C168A0C5-D537-469A-8AE6-4C8C871CE7D5}.Release|x86.Build.0 = Release|Win32
		{90F29FDA-3CFA-4599-A3C1-081C61E1C0D0}.Debug|x64.ActiveCfg = Debug|x64
		{90F29FDA-3CFA-4599-A3C1-081C61E1C0D0}.Debug|x64.Build.0 = Debug|x64
		{90F29FDA-3CFA-4599-A3C1-081C61E1C0D0}.Debug|x86.ActiveCfg = Debug|Win32
		{90F29FDA-3CFA-4599-A3C1-081C61E1C0D0}.Debug|x86.Build.0 = Debug|Win32
		{90F29FDA-3CFA-4599-A3C1-081C61E1C0D0}.Release|x64.ActiveCfg = Release|x64
		{90F29FDA-3CFA-4599-A3C1-081C61E1C0D0}.Release|x64.Build.0 = Release|x64
		{90F29FDA-3CFA-4599-A3C1-081C61E1C0D0}.Release|x86.ActiveCfg = Release|Win32
		{90F29FDA-3CFA-4599-A3C1-081C61E1C0D0}.Release|x86.Build.0 = Release|Win32
	EndGlobalSection
	GlobalSection(SolutionProperties) = preSolution
		HideSolutionNode = FALSE
	EndGlobalSection
EndGlobal
